
Microsoft Visual Studio Solution File, Format Version 12.00
# Visual Studio 2012
Project("{FAE04EC0-301F-11D3-BF4B-00C04F79EFBC}") = "UniversityService", "UniversityService\UniversityService.csproj", "{15B3E0D2-6217-493A-A690-158C497F5318}"
EndProject
Project("{FAE04EC0-301F-11D3-BF4B-00C04F79EFBC}") = "UniversityData", "UniversityData\UniversityData.csproj", "{B2A6E947-C353-4814-AF3A-DBDC986475DB}"
EndProject
Project("{FAE04EC0-301F-11D3-BF4B-00C04F79EFBC}") = "Contracts", "Contracts\Contracts.csproj", "{53266D60-A9C8-4644-8196-EFD29988C8A1}"
EndProject
Project("{FAE04EC0-301F-11D3-BF4B-00C04F79EFBC}") = "ServiceHost", "ServiceHost\ServiceHost.csproj", "{A818BF3D-B3D0-4253-9BA9-084E94FEFA10}"
EndProject
Project("{2150E333-8FDC-42A3-9474-1A3956D46DE8}") = ".nuget", ".nuget", "{B504C605-45DB-44A4-AA37-CE915AD0E073}"
	ProjectSection(SolutionItems) = preProject
		.nuget\packages.config = .nuget\packages.config
	EndProjectSection
EndProject
Project("{FAE04EC0-301F-11D3-BF4B-00C04F79EFBC}") = "UniversityServiceUnitTests", "UniversityServiceUnitTests\UniversityServiceUnitTests.csproj", "{1B7A015A-BE96-4E54-858A-293163845C03}"
EndProject
Global
	GlobalSection(SolutionConfigurationPlatforms) = preSolution
		Debug|Any CPU = Debug|Any CPU
		Release|Any CPU = Release|Any CPU
	EndGlobalSection
	GlobalSection(ProjectConfigurationPlatforms) = postSolution
		{15B3E0D2-6217-493A-A690-158C497F5318}.Debug|Any CPU.ActiveCfg = Debug|Any CPU
		{15B3E0D2-6217-493A-A690-158C497F5318}.Debug|Any CPU.Build.0 = Debug|Any CPU
		{15B3E0D2-6217-493A-A690-158C497F5318}.Release|Any CPU.ActiveCfg = Release|Any CPU
		{15B3E0D2-6217-493A-A690-158C497F5318}.Release|Any CPU.Build.0 = Release|Any CPU
		{B2A6E947-C353-4814-AF3A-DBDC986475DB}.Debug|Any CPU.ActiveCfg = Debug|Any CPU
		{B2A6E947-C353-4814-AF3A-DBDC986475DB}.Debug|Any CPU.Build.0 = Debug|Any CPU
		{B2A6E947-C353-4814-AF3A-DBDC986475DB}.Release|Any CPU.ActiveCfg = Release|Any CPU
		{B2A6E947-C353-4814-AF3A-DBDC986475DB}.Release|Any CPU.Build.0 = Release|Any CPU
		{53266D60-A9C8-4644-8196-EFD29988C8A1}.Debug|Any CPU.ActiveCfg = Debug|Any CPU
		{53266D60-A9C8-4644-8196-EFD29988C8A1}.Debug|Any CPU.Build.0 = Debug|Any CPU
		{53266D60-A9C8-4644-8196-EFD29988C8A1}.Release|Any CPU.ActiveCfg = Release|Any CPU
		{53266D60-A9C8-4644-8196-EFD29988C8A1}.Release|Any CPU.Build.0 = Release|Any CPU
		{A818BF3D-B3D0-4253-9BA9-084E94FEFA10}.Debug|Any CPU.ActiveCfg = Debug|Any CPU
		{A818BF3D-B3D0-4253-9BA9-084E94FEFA10}.Debug|Any CPU.Build.0 = Debug|Any CPU
		{A818BF3D-B3D0-4253-9BA9-084E94FEFA10}.Release|Any CPU.ActiveCfg = Release|Any CPU
		{A818BF3D-B3D0-4253-9BA9-084E94FEFA10}.Release|Any CPU.Build.0 = Release|Any CPU
		{1B7A015A-BE96-4E54-858A-293163845C03}.Debug|Any CPU.ActiveCfg = Debug|Any CPU
		{1B7A015A-BE96-4E54-858A-293163845C03}.Debug|Any CPU.Build.0 = Debug|Any CPU
		{1B7A015A-BE96-4E54-858A-293163845C03}.Release|Any CPU.ActiveCfg = Release|Any CPU
		{1B7A015A-BE96-4E54-858A-293163845C03}.Release|Any CPU.Build.0 = Release|Any CPU
	EndGlobalSection
	GlobalSection(SolutionProperties) = preSolution
		HideSolutionNode = FALSE
	EndGlobalSection
EndGlobal
